
Microsoft Visual Studio Solution File, Format Version 12.00
# Visual Studio Version 17
VisualStudioVersion = 17.5.33530.505
MinimumVisualStudioVersion = 10.0.40219.1
Project("{FAE04EC0-301F-11D3-BF4B-00C04F79EFBC}") = "Case2", "Case2\Case2.csproj", "{5780E7AC-7E58-43C6-A781-ACF8995C2276}"
EndProject
Global
	GlobalSection(SolutionConfigurationPlatforms) = preSolution
		Debug|Any CPU = Debug|Any CPU
		Release|Any CPU = Release|Any CPU
	EndGlobalSection
	GlobalSection(ProjectConfigurationPlatforms) = postSolution
		{5780E7AC-7E58-43C6-A781-ACF8995C2276}.Debug|Any CPU.ActiveCfg = Debug|Any CPU
		{5780E7AC-7E58-43C6-A781-ACF8995C2276}.Debug|Any CPU.Build.0 = Debug|Any CPU
		{5780E7AC-7E58-43C6-A781-ACF8995C2276}.Release|Any CPU.ActiveCfg = Release|Any CPU
		{5780E7AC-7E58-43C6-A781-ACF8995C2276}.Release|Any CPU.Build.0 = Release|Any CPU
	EndGlobalSection
	GlobalSection(SolutionProperties) = preSolution
		HideSolutionNode = FALSE
	EndGlobalSection
	GlobalSection(ExtensibilityGlobals) = postSolution
		SolutionGuid = {FC8FE896-7C52-4EED-9F8F-658E8A58E920}
	EndGlobalSection
EndGlobal
